
Microsoft Visual Studio Solution File, Format Version 12.00
# Visual Studio Version 17
VisualStudioVersion = 17.6.33712.159
MinimumVisualStudioVersion = 10.0.40219.1
Project("{00D1A9C2-B5F0-4AF3-8072-F6C62B433612}") = "MM_Database", "MM_Database\MM_Database.sqlproj", "{7A9BDBE6-7B96-4AE2-A12C-7FED1D03FCA1}"
EndProject
Global
	GlobalSection(SolutionConfigurationPlatforms) = preSolution
		Debug|Any CPU = Debug|Any CPU
		Release|Any CPU = Release|Any CPU
	EndGlobalSection
	GlobalSection(ProjectConfigurationPlatforms) = postSolution
		{7A9BDBE6-7B96-4AE2-A12C-7FED1D03FCA1}.Debug|Any CPU.ActiveCfg = Debug|Any CPU
		{7A9BDBE6-7B96-4AE2-A12C-7FED1D03FCA1}.Debug|Any CPU.Build.0 = Debug|Any CPU
		{7A9BDBE6-7B96-4AE2-A12C-7FED1D03FCA1}.Debug|Any CPU.Deploy.0 = Debug|Any CPU
		{7A9BDBE6-7B96-4AE2-A12C-7FED1D03FCA1}.Release|Any CPU.ActiveCfg = Release|Any CPU
		{7A9BDBE6-7B96-4AE2-A12C-7FED1D03FCA1}.Release|Any CPU.Build.0 = Release|Any CPU
		{7A9BDBE6-7B96-4AE2-A12C-7FED1D03FCA1}.Release|Any CPU.Deploy.0 = Release|Any CPU
	EndGlobalSection
	GlobalSection(SolutionProperties) = preSolution
		HideSolutionNode = FALSE
	EndGlobalSection
	GlobalSection(ExtensibilityGlobals) = postSolution
		SolutionGuid = {698C52AE-5B4C-4E5F-A4FB-31091B491C49}
	EndGlobalSection
EndGlobal
